
Microsoft Visual Studio Solution File, Format Version 12.00
# Visual Studio 15
VisualStudioVersion = 15.0.27004.2006
MinimumVisualStudioVersion = 10.0.40219.1
Project("{FAE04EC0-301F-11D3-BF4B-00C04F79EFBC}") = "Middleware", "Middleware\Middleware.csproj", "{C374E2B9-F1F2-4111-9A82-3509CE57A9FA}"
EndProject
Global
	GlobalSection(SolutionConfigurationPlatforms) = preSolution
		Debug|Any CPU = Debug|Any CPU
		Release|Any CPU = Release|Any CPU
	EndGlobalSection
	GlobalSection(ProjectConfigurationPlatforms) = postSolution
		{C374E2B9-F1F2-4111-9A82-3509CE57A9FA}.Debug|Any CPU.ActiveCfg = Debug|Any CPU
		{C374E2B9-F1F2-4111-9A82-3509CE57A9FA}.Debug|Any CPU.Build.0 = Debug|Any CPU
		{C374E2B9-F1F2-4111-9A82-3509CE57A9FA}.Release|Any CPU.ActiveCfg = Release|Any CPU
		{C374E2B9-F1F2-4111-9A82-3509CE57A9FA}.Release|Any CPU.Build.0 = Release|Any CPU
	EndGlobalSection
	GlobalSection(SolutionProperties) = preSolution
		HideSolutionNode = FALSE
	EndGlobalSection
	GlobalSection(ExtensibilityGlobals) = postSolution
		SolutionGuid = {A71BA3C6-578F-4882-9B8A-86B181193B3F}
	EndGlobalSection
EndGlobal
